
Microsoft Visual Studio Solution File, Format Version 12.00
# Visual Studio 14
VisualStudioVersion = 14.0.25420.1
MinimumVisualStudioVersion = 10.0.40219.1
Project("{FAE04EC0-301F-11D3-BF4B-00C04F79EFBC}") = "WebController", "WebController\WebController.csproj", "{E0D96A42-BD06-4270-9385-CF9FE1004D7B}"
EndProject
Project("{FAE04EC0-301F-11D3-BF4B-00C04F79EFBC}") = "ZoneLighting", "ZoneLighting\ZoneLighting.csproj", "{FE00DB62-6C3C-4D04-9F03-23DA814298B6}"
EndProject
Project("{FAE04EC0-301F-11D3-BF4B-00C04F79EFBC}") = "Console", "Console\Console.csproj", "{BE535C9B-F450-4F66-ABB3-A157B8D30D42}"
EndProject
Project("{FAE04EC0-301F-11D3-BF4B-00C04F79EFBC}") = "ExternalPrograms", "ExternalPrograms\ExternalPrograms.csproj", "{477C3DF5-112F-4E18-988E-1AC255034B9A}"
EndProject
Project("{FAE04EC0-301F-11D3-BF4B-00C04F79EFBC}") = "ExternalZones", "ExternalZones\ExternalZones.csproj", "{E23813D3-7B7D-4D72-8B1D-899E52DFD60A}"
EndProject
Project("{FAE04EC0-301F-11D3-BF4B-00C04F79EFBC}") = "ZoneLightingTests", "Tests\ZoneLightingTests\ZoneLightingTests.csproj", "{C4A346A2-F4A2-49E6-81B8-B56C2632DF72}"
EndProject
Project("{2150E333-8FDC-42A3-9474-1A3956D46DE8}") = "Tests", "Tests", "{4CF8894A-26F4-444E-B3D6-038B853AE2F8}"
EndProject
Project("{2150E333-8FDC-42A3-9474-1A3956D46DE8}") = "Solution Items", "Solution Items", "{2577F777-6510-431B-85E7-51D0EF9E6A90}"
	ProjectSection(SolutionItems) = preProject
		nuget.config = nuget.config
		PullDownConfig.bat = PullDownConfig.bat
		QUICKSTART.md = QUICKSTART.md
		README.md = README.md
	EndProjectSection
EndProject
Project("{2150E333-8FDC-42A3-9474-1A3956D46DE8}") = "Imported", "Imported", "{1E6AD0D7-62BB-4132-8094-6C44476EB6D6}"
EndProject
Project("{FAE04EC0-301F-11D3-BF4B-00C04F79EFBC}") = "Sanford.Multimedia.Midi", "IMPORTED\Sanford.Multimedia.Midi\Sanford.Multimedia.Midi.csproj", "{4269C72A-8D3A-4737-8F89-72EAA33EA9E1}"
EndProject
Project("{FAE04EC0-301F-11D3-BF4B-00C04F79EFBC}") = "WebControllerTests", "Tests\WebControllerTests\WebControllerTests.csproj", "{78F92D31-CA64-4CA8-9305-23B9484BB0E2}"
EndProject
Project("{2150E333-8FDC-42A3-9474-1A3956D46DE8}") = "JSON-RPC.NET", "JSON-RPC.NET", "{6BE368EF-13AF-493C-9016-B457AE286472}"
EndProject
Project("{FAE04EC0-301F-11D3-BF4B-00C04F79EFBC}") = "AustinHarris.JsonRpc", "IMPORTED\JSON-RPC.NET\Json-Rpc\AustinHarris.JsonRpc.csproj", "{24FC1A2A-0BC3-43A7-9BFE-B628C2C4A307}"
EndProject
Project("{FAE04EC0-301F-11D3-BF4B-00C04F79EFBC}") = "AustinHarris.JsonRpc.AspNet", "IMPORTED\JSON-RPC.NET\AustinHarris.JsonRpc.AspNet\AustinHarris.JsonRpc.AspNet.csproj", "{FFFDEBBC-93F5-4A22-9EC5-D86A4A792DBB}"
EndProject
Project("{FAE04EC0-301F-11D3-BF4B-00C04F79EFBC}") = "AustinHarris.JsonRpcTestN", "IMPORTED\JSON-RPC.NET\AustinHarris.JsonRpcTestN\AustinHarris.JsonRpcTestN.csproj", "{8569B076-5A8B-4D6A-B75D-EF75A390AA5F}"
EndProject
Project("{FAE04EC0-301F-11D3-BF4B-00C04F79EFBC}") = "TestServer_Console", "IMPORTED\JSON-RPC.NET\TestServer_Console\TestServer_Console.csproj", "{31AE59FC-B6F6-4AC7-A7B9-1E07630AE42B}"
EndProject
Project("{8BB2217D-0F2D-49D1-97BC-3654ED321F3B}") = "IoTShell", "IoTShell\IoTShell.xproj", "{46845FF9-EFA0-420E-ABFE-0D81E361BA07}"
EndProject
Global
	GlobalSection(SolutionConfigurationPlatforms) = preSolution
		Debug|Any CPU = Debug|Any CPU
		Debug|ARM = Debug|ARM
		Debug|Mixed Platforms = Debug|Mixed Platforms
		Debug|x86 = Debug|x86
		Release|Any CPU = Release|Any CPU
		Release|ARM = Release|ARM
		Release|Mixed Platforms = Release|Mixed Platforms
		Release|x86 = Release|x86
	EndGlobalSection
	GlobalSection(ProjectConfigurationPlatforms) = postSolution
		{E0D96A42-BD06-4270-9385-CF9FE1004D7B}.Debug|Any CPU.ActiveCfg = Debug|Any CPU
		{E0D96A42-BD06-4270-9385-CF9FE1004D7B}.Debug|Any CPU.Build.0 = Debug|Any CPU
		{E0D96A42-BD06-4270-9385-CF9FE1004D7B}.Debug|ARM.ActiveCfg = Debug|Any CPU
		{E0D96A42-BD06-4270-9385-CF9FE1004D7B}.Debug|ARM.Build.0 = Debug|Any CPU
		{E0D96A42-BD06-4270-9385-CF9FE1004D7B}.Debug|Mixed Platforms.ActiveCfg = Debug|Any CPU
		{E0D96A42-BD06-4270-9385-CF9FE1004D7B}.Debug|Mixed Platforms.Build.0 = Debug|Any CPU
		{E0D96A42-BD06-4270-9385-CF9FE1004D7B}.Debug|x86.ActiveCfg = Debug|Any CPU
		{E0D96A42-BD06-4270-9385-CF9FE1004D7B}.Debug|x86.Build.0 = Debug|Any CPU
		{E0D96A42-BD06-4270-9385-CF9FE1004D7B}.Release|Any CPU.ActiveCfg = Release|Any CPU
		{E0D96A42-BD06-4270-9385-CF9FE1004D7B}.Release|Any CPU.Build.0 = Release|Any CPU
		{E0D96A42-BD06-4270-9385-CF9FE1004D7B}.Release|ARM.ActiveCfg = Release|Any CPU
		{E0D96A42-BD06-4270-9385-CF9FE1004D7B}.Release|ARM.Build.0 = Release|Any CPU
		{E0D96A42-BD06-4270-9385-CF9FE1004D7B}.Release|Mixed Platforms.ActiveCfg = Release|Any CPU
		{E0D96A42-BD06-4270-9385-CF9FE1004D7B}.Release|Mixed Platforms.Build.0 = Release|Any CPU
		{E0D96A42-BD06-4270-9385-CF9FE1004D7B}.Release|x86.ActiveCfg = Release|Any CPU
		{E0D96A42-BD06-4270-9385-CF9FE1004D7B}.Release|x86.Build.0 = Release|Any CPU
		{FE00DB62-6C3C-4D04-9F03-23DA814298B6}.Debug|Any CPU.ActiveCfg = Debug|Any CPU
		{FE00DB62-6C3C-4D04-9F03-23DA814298B6}.Debug|Any CPU.Build.0 = Debug|Any CPU
		{FE00DB62-6C3C-4D04-9F03-23DA814298B6}.Debug|ARM.ActiveCfg = Debug|Any CPU
		{FE00DB62-6C3C-4D04-9F03-23DA814298B6}.Debug|ARM.Build.0 = Debug|Any CPU
		{FE00DB62-6C3C-4D04-9F03-23DA814298B6}.Debug|Mixed Platforms.ActiveCfg = Debug|Any CPU
		{FE00DB62-6C3C-4D04-9F03-23DA814298B6}.Debug|Mixed Platforms.Build.0 = Debug|Any CPU
		{FE00DB62-6C3C-4D04-9F03-23DA814298B6}.Debug|x86.ActiveCfg = Debug|Any CPU
		{FE00DB62-6C3C-4D04-9F03-23DA814298B6}.Debug|x86.Build.0 = Debug|Any CPU
		{FE00DB62-6C3C-4D04-9F03-23DA814298B6}.Release|Any CPU.ActiveCfg = Release|Any CPU
		{FE00DB62-6C3C-4D04-9F03-23DA814298B6}.Release|Any CPU.Build.0 = Release|Any CPU
		{FE00DB62-6C3C-4D04-9F03-23DA814298B6}.Release|ARM.ActiveCfg = Release|Any CPU
		{FE00DB62-6C3C-4D04-9F03-23DA814298B6}.Release|ARM.Build.0 = Release|Any CPU
		{FE00DB62-6C3C-4D04-9F03-23DA814298B6}.Release|Mixed Platforms.ActiveCfg = Release|Any CPU
		{FE00DB62-6C3C-4D04-9F03-23DA814298B6}.Release|Mixed Platforms.Build.0 = Release|Any CPU
		{FE00DB62-6C3C-4D04-9F03-23DA814298B6}.Release|x86.ActiveCfg = Release|Any CPU
		{FE00DB62-6C3C-4D04-9F03-23DA814298B6}.Release|x86.Build.0 = Release|Any CPU
		{BE535C9B-F450-4F66-ABB3-A157B8D30D42}.Debug|Any CPU.ActiveCfg = Debug|Any CPU
		{BE535C9B-F450-4F66-ABB3-A157B8D30D42}.Debug|Any CPU.Build.0 = Debug|Any CPU
		{BE535C9B-F450-4F66-ABB3-A157B8D30D42}.Debug|ARM.ActiveCfg = Debug|Any CPU
		{BE535C9B-F450-4F66-ABB3-A157B8D30D42}.Debug|ARM.Build.0 = Debug|Any CPU
		{BE535C9B-F450-4F66-ABB3-A157B8D30D42}.Debug|Mixed Platforms.ActiveCfg = Debug|Any CPU
		{BE535C9B-F450-4F66-ABB3-A157B8D30D42}.Debug|Mixed Platforms.Build.0 = Debug|Any CPU
		{BE535C9B-F450-4F66-ABB3-A157B8D30D42}.Debug|x86.ActiveCfg = Debug|Any CPU
		{BE535C9B-F450-4F66-ABB3-A157B8D30D42}.Debug|x86.Build.0 = Debug|Any CPU
		{BE535C9B-F450-4F66-ABB3-A157B8D30D42}.Release|Any CPU.ActiveCfg = Release|Any CPU
		{BE535C9B-F450-4F66-ABB3-A157B8D30D42}.Release|Any CPU.Build.0 = Release|Any CPU
		{BE535C9B-F450-4F66-ABB3-A157B8D30D42}.Release|ARM.ActiveCfg = Release|Any CPU
		{BE535C9B-F450-4F66-ABB3-A157B8D30D42}.Release|ARM.Build.0 = Release|Any CPU
		{BE535C9B-F450-4F66-ABB3-A157B8D30D42}.Release|Mixed Platforms.ActiveCfg = Release|Any CPU
		{BE535C9B-F450-4F66-ABB3-A157B8D30D42}.Release|Mixed Platforms.Build.0 = Release|Any CPU
		{BE535C9B-F450-4F66-ABB3-A157B8D30D42}.Release|x86.ActiveCfg = Release|Any CPU
		{BE535C9B-F450-4F66-ABB3-A157B8D30D42}.Release|x86.Build.0 = Release|Any CPU
		{477C3DF5-112F-4E18-988E-1AC255034B9A}.Debug|Any CPU.ActiveCfg = Debug|Any CPU
		{477C3DF5-112F-4E18-988E-1AC255034B9A}.Debug|Any CPU.Build.0 = Debug|Any CPU
		{477C3DF5-112F-4E18-988E-1AC255034B9A}.Debug|ARM.ActiveCfg = Debug|Any CPU
		{477C3DF5-112F-4E18-988E-1AC255034B9A}.Debug|ARM.Build.0 = Debug|Any CPU
		{477C3DF5-112F-4E18-988E-1AC255034B9A}.Debug|Mixed Platforms.ActiveCfg = Debug|Any CPU
		{477C3DF5-112F-4E18-988E-1AC255034B9A}.Debug|Mixed Platforms.Build.0 = Debug|Any CPU
		{477C3DF5-112F-4E18-988E-1AC255034B9A}.Debug|x86.ActiveCfg = Debug|Any CPU
		{477C3DF5-112F-4E18-988E-1AC255034B9A}.Debug|x86.Build.0 = Debug|Any CPU
		{477C3DF5-112F-4E18-988E-1AC255034B9A}.Release|Any CPU.ActiveCfg = Release|Any CPU
		{477C3DF5-112F-4E18-988E-1AC255034B9A}.Release|Any CPU.Build.0 = Release|Any CPU
		{477C3DF5-112F-4E18-988E-1AC255034B9A}.Release|ARM.ActiveCfg = Release|Any CPU
		{477C3DF5-112F-4E18-988E-1AC255034B9A}.Release|ARM.Build.0 = Release|Any CPU
		{477C3DF5-112F-4E18-988E-1AC255034B9A}.Release|Mixed Platforms.ActiveCfg = Release|Any CPU
		{477C3DF5-112F-4E18-988E-1AC255034B9A}.Release|Mixed Platforms.Build.0 = Release|Any CPU
		{477C3DF5-112F-4E18-988E-1AC255034B9A}.Release|x86.ActiveCfg = Release|Any CPU
		{477C3DF5-112F-4E18-988E-1AC255034B9A}.Release|x86.Build.0 = Release|Any CPU
		{E23813D3-7B7D-4D72-8B1D-899E52DFD60A}.Debug|Any CPU.ActiveCfg = Debug|Any CPU
		{E23813D3-7B7D-4D72-8B1D-899E52DFD60A}.Debug|Any CPU.Build.0 = Debug|Any CPU
		{E23813D3-7B7D-4D72-8B1D-899E52DFD60A}.Debug|ARM.ActiveCfg = Debug|Any CPU
		{E23813D3-7B7D-4D72-8B1D-899E52DFD60A}.Debug|ARM.Build.0 = Debug|Any CPU
		{E23813D3-7B7D-4D72-8B1D-899E52DFD60A}.Debug|Mixed Platforms.ActiveCfg = Debug|Any CPU
		{E23813D3-7B7D-4D72-8B1D-899E52DFD60A}.Debug|Mixed Platforms.Build.0 = Debug|Any CPU
		{E23813D3-7B7D-4D72-8B1D-899E52DFD60A}.Debug|x86.ActiveCfg = Debug|Any CPU
		{E23813D3-7B7D-4D72-8B1D-899E52DFD60A}.Debug|x86.Build.0 = Debug|Any CPU
		{E23813D3-7B7D-4D72-8B1D-899E52DFD60A}.Release|Any CPU.ActiveCfg = Release|Any CPU
		{E23813D3-7B7D-4D72-8B1D-899E52DFD60A}.Release|Any CPU.Build.0 = Release|Any CPU
		{E23813D3-7B7D-4D72-8B1D-899E52DFD60A}.Release|ARM.ActiveCfg = Release|Any CPU
		{E23813D3-7B7D-4D72-8B1D-899E52DFD60A}.Release|ARM.Build.0 = Release|Any CPU
		{E23813D3-7B7D-4D72-8B1D-899E52DFD60A}.Release|Mixed Platforms.ActiveCfg = Release|Any CPU
		{E23813D3-7B7D-4D72-8B1D-899E52DFD60A}.Release|Mixed Platforms.Build.0 = Release|Any CPU
		{E23813D3-7B7D-4D72-8B1D-899E52DFD60A}.Release|x86.ActiveCfg = Release|Any CPU
		{E23813D3-7B7D-4D72-8B1D-899E52DFD60A}.Release|x86.Build.0 = Release|Any CPU
		{C4A346A2-F4A2-49E6-81B8-B56C2632DF72}.Debug|Any CPU.ActiveCfg = Debug|Any CPU
		{C4A346A2-F4A2-49E6-81B8-B56C2632DF72}.Debug|Any CPU.Build.0 = Debug|Any CPU
		{C4A346A2-F4A2-49E6-81B8-B56C2632DF72}.Debug|ARM.ActiveCfg = Debug|Any CPU
		{C4A346A2-F4A2-49E6-81B8-B56C2632DF72}.Debug|ARM.Build.0 = Debug|Any CPU
		{C4A346A2-F4A2-49E6-81B8-B56C2632DF72}.Debug|Mixed Platforms.ActiveCfg = Debug|Any CPU
		{C4A346A2-F4A2-49E6-81B8-B56C2632DF72}.Debug|Mixed Platforms.Build.0 = Debug|Any CPU
		{C4A346A2-F4A2-49E6-81B8-B56C2632DF72}.Debug|x86.ActiveCfg = Debug|Any CPU
		{C4A346A2-F4A2-49E6-81B8-B56C2632DF72}.Debug|x86.Build.0 = Debug|Any CPU
		{C4A346A2-F4A2-49E6-81B8-B56C2632DF72}.Release|Any CPU.ActiveCfg = Release|Any CPU
		{C4A346A2-F4A2-49E6-81B8-B56C2632DF72}.Release|Any CPU.Build.0 = Release|Any CPU
		{C4A346A2-F4A2-49E6-81B8-B56C2632DF72}.Release|ARM.ActiveCfg = Release|Any CPU
		{C4A346A2-F4A2-49E6-81B8-B56C2632DF72}.Release|ARM.Build.0 = Release|Any CPU
		{C4A346A2-F4A2-49E6-81B8-B56C2632DF72}.Release|Mixed Platforms.ActiveCfg = Release|Any CPU
		{C4A346A2-F4A2-49E6-81B8-B56C2632DF72}.Release|Mixed Platforms.Build.0 = Release|Any CPU
		{C4A346A2-F4A2-49E6-81B8-B56C2632DF72}.Release|x86.ActiveCfg = Release|Any CPU
		{C4A346A2-F4A2-49E6-81B8-B56C2632DF72}.Release|x86.Build.0 = Release|Any CPU
		{4269C72A-8D3A-4737-8F89-72EAA33EA9E1}.Debug|Any CPU.ActiveCfg = Debug|Any CPU
		{4269C72A-8D3A-4737-8F89-72EAA33EA9E1}.Debug|Any CPU.Build.0 = Debug|Any CPU
		{4269C72A-8D3A-4737-8F89-72EAA33EA9E1}.Debug|ARM.ActiveCfg = Debug|Any CPU
		{4269C72A-8D3A-4737-8F89-72EAA33EA9E1}.Debug|ARM.Build.0 = Debug|Any CPU
		{4269C72A-8D3A-4737-8F89-72EAA33EA9E1}.Debug|Mixed Platforms.ActiveCfg = Debug|Any CPU
		{4269C72A-8D3A-4737-8F89-72EAA33EA9E1}.Debug|Mixed Platforms.Build.0 = Debug|Any CPU
		{4269C72A-8D3A-4737-8F89-72EAA33EA9E1}.Debug|x86.ActiveCfg = Debug|Any CPU
		{4269C72A-8D3A-4737-8F89-72EAA33EA9E1}.Debug|x86.Build.0 = Debug|Any CPU
		{4269C72A-8D3A-4737-8F89-72EAA33EA9E1}.Release|Any CPU.ActiveCfg = Release|Any CPU
		{4269C72A-8D3A-4737-8F89-72EAA33EA9E1}.Release|Any CPU.Build.0 = Release|Any CPU
		{4269C72A-8D3A-4737-8F89-72EAA33EA9E1}.Release|ARM.ActiveCfg = Release|Any CPU
		{4269C72A-8D3A-4737-8F89-72EAA33EA9E1}.Release|ARM.Build.0 = Release|Any CPU
		{4269C72A-8D3A-4737-8F89-72EAA33EA9E1}.Release|Mixed Platforms.ActiveCfg = Release|Any CPU
		{4269C72A-8D3A-4737-8F89-72EAA33EA9E1}.Release|Mixed Platforms.Build.0 = Release|Any CPU
		{4269C72A-8D3A-4737-8F89-72EAA33EA9E1}.Release|x86.ActiveCfg = Release|Any CPU
		{4269C72A-8D3A-4737-8F89-72EAA33EA9E1}.Release|x86.Build.0 = Release|Any CPU
		{78F92D31-CA64-4CA8-9305-23B9484BB0E2}.Debug|Any CPU.ActiveCfg = Debug|Any CPU
		{78F92D31-CA64-4CA8-9305-23B9484BB0E2}.Debug|Any CPU.Build.0 = Debug|Any CPU
		{78F92D31-CA64-4CA8-9305-23B9484BB0E2}.Debug|ARM.ActiveCfg = Debug|Any CPU
		{78F92D31-CA64-4CA8-9305-23B9484BB0E2}.Debug|ARM.Build.0 = Debug|Any CPU
		{78F92D31-CA64-4CA8-9305-23B9484BB0E2}.Debug|Mixed Platforms.ActiveCfg = Debug|Any CPU
		{78F92D31-CA64-4CA8-9305-23B9484BB0E2}.Debug|Mixed Platforms.Build.0 = Debug|Any CPU
		{78F92D31-CA64-4CA8-9305-23B9484BB0E2}.Debug|x86.ActiveCfg = Debug|Any CPU
		{78F92D31-CA64-4CA8-9305-23B9484BB0E2}.Debug|x86.Build.0 = Debug|Any CPU
		{78F92D31-CA64-4CA8-9305-23B9484BB0E2}.Release|Any CPU.ActiveCfg = Release|Any CPU
		{78F92D31-CA64-4CA8-9305-23B9484BB0E2}.Release|Any CPU.Build.0 = Release|Any CPU
		{78F92D31-CA64-4CA8-9305-23B9484BB0E2}.Release|ARM.ActiveCfg = Release|Any CPU
		{78F92D31-CA64-4CA8-9305-23B9484BB0E2}.Release|ARM.Build.0 = Release|Any CPU
		{78F92D31-CA64-4CA8-9305-23B9484BB0E2}.Release|Mixed Platforms.ActiveCfg = Release|Any CPU
		{78F92D31-CA64-4CA8-9305-23B9484BB0E2}.Release|Mixed Platforms.Build.0 = Release|Any CPU
		{78F92D31-CA64-4CA8-9305-23B9484BB0E2}.Release|x86.ActiveCfg = Release|Any CPU
		{78F92D31-CA64-4CA8-9305-23B9484BB0E2}.Release|x86.Build.0 = Release|Any CPU
		{24FC1A2A-0BC3-43A7-9BFE-B628C2C4A307}.Debug|Any CPU.ActiveCfg = Debug|Any CPU
		{24FC1A2A-0BC3-43A7-9BFE-B628C2C4A307}.Debug|Any CPU.Build.0 = Debug|Any CPU
		{24FC1A2A-0BC3-43A7-9BFE-B628C2C4A307}.Debug|ARM.ActiveCfg = Debug|x86
		{24FC1A2A-0BC3-43A7-9BFE-B628C2C4A307}.Debug|Mixed Platforms.ActiveCfg = Debug|Any CPU
		{24FC1A2A-0BC3-43A7-9BFE-B628C2C4A307}.Debug|Mixed Platforms.Build.0 = Debug|Any CPU
		{24FC1A2A-0BC3-43A7-9BFE-B628C2C4A307}.Debug|x86.ActiveCfg = Debug|x86
		{24FC1A2A-0BC3-43A7-9BFE-B628C2C4A307}.Debug|x86.Build.0 = Debug|x86
		{24FC1A2A-0BC3-43A7-9BFE-B628C2C4A307}.Release|Any CPU.ActiveCfg = Release|Any CPU
		{24FC1A2A-0BC3-43A7-9BFE-B628C2C4A307}.Release|Any CPU.Build.0 = Release|Any CPU
		{24FC1A2A-0BC3-43A7-9BFE-B628C2C4A307}.Release|ARM.ActiveCfg = Release|x86
		{24FC1A2A-0BC3-43A7-9BFE-B628C2C4A307}.Release|Mixed Platforms.ActiveCfg = Release|x86
		{24FC1A2A-0BC3-43A7-9BFE-B628C2C4A307}.Release|Mixed Platforms.Build.0 = Release|x86
		{24FC1A2A-0BC3-43A7-9BFE-B628C2C4A307}.Release|x86.ActiveCfg = Release|x86
		{24FC1A2A-0BC3-43A7-9BFE-B628C2C4A307}.Release|x86.Build.0 = Release|x86
		{FFFDEBBC-93F5-4A22-9EC5-D86A4A792DBB}.Debug|Any CPU.ActiveCfg = Debug|Any CPU
		{FFFDEBBC-93F5-4A22-9EC5-D86A4A792DBB}.Debug|Any CPU.Build.0 = Debug|Any CPU
		{FFFDEBBC-93F5-4A22-9EC5-D86A4A792DBB}.Debug|ARM.ActiveCfg = Debug|Any CPU
		{FFFDEBBC-93F5-4A22-9EC5-D86A4A792DBB}.Debug|Mixed Platforms.ActiveCfg = Debug|Any CPU
		{FFFDEBBC-93F5-4A22-9EC5-D86A4A792DBB}.Debug|Mixed Platforms.Build.0 = Debug|Any CPU
		{FFFDEBBC-93F5-4A22-9EC5-D86A4A792DBB}.Debug|x86.ActiveCfg = Debug|Any CPU
		{FFFDEBBC-93F5-4A22-9EC5-D86A4A792DBB}.Release|Any CPU.ActiveCfg = Release|Any CPU
		{FFFDEBBC-93F5-4A22-9EC5-D86A4A792DBB}.Release|Any CPU.Build.0 = Release|Any CPU
		{FFFDEBBC-93F5-4A22-9EC5-D86A4A792DBB}.Release|ARM.ActiveCfg = Release|Any CPU
		{FFFDEBBC-93F5-4A22-9EC5-D86A4A792DBB}.Release|Mixed Platforms.ActiveCfg = Release|Any CPU
		{FFFDEBBC-93F5-4A22-9EC5-D86A4A792DBB}.Release|Mixed Platforms.Build.0 = Release|Any CPU
		{FFFDEBBC-93F5-4A22-9EC5-D86A4A792DBB}.Release|x86.ActiveCfg = Release|Any CPU
		{8569B076-5A8B-4D6A-B75D-EF75A390AA5F}.Debug|Any CPU.ActiveCfg = Debug|Any CPU
		{8569B076-5A8B-4D6A-B75D-EF75A390AA5F}.Debug|Any CPU.Build.0 = Debug|Any CPU
		{8569B076-5A8B-4D6A-B75D-EF75A390AA5F}.Debug|ARM.ActiveCfg = Debug|Any CPU
		{8569B076-5A8B-4D6A-B75D-EF75A390AA5F}.Debug|ARM.Build.0 = Debug|Any CPU
		{8569B076-5A8B-4D6A-B75D-EF75A390AA5F}.Debug|Mixed Platforms.ActiveCfg = Debug|Any CPU
		{8569B076-5A8B-4D6A-B75D-EF75A390AA5F}.Debug|Mixed Platforms.Build.0 = Debug|Any CPU
		{8569B076-5A8B-4D6A-B75D-EF75A390AA5F}.Debug|x86.ActiveCfg = Debug|Any CPU
		{8569B076-5A8B-4D6A-B75D-EF75A390AA5F}.Debug|x86.Build.0 = Debug|Any CPU
		{8569B076-5A8B-4D6A-B75D-EF75A390AA5F}.Release|Any CPU.ActiveCfg = Release|Any CPU
		{8569B076-5A8B-4D6A-B75D-EF75A390AA5F}.Release|Any CPU.Build.0 = Release|Any CPU
		{8569B076-5A8B-4D6A-B75D-EF75A390AA5F}.Release|ARM.ActiveCfg = Release|Any CPU
		{8569B076-5A8B-4D6A-B75D-EF75A390AA5F}.Release|ARM.Build.0 = Release|Any CPU
		{8569B076-5A8B-4D6A-B75D-EF75A390AA5F}.Release|Mixed Platforms.ActiveCfg = Release|Any CPU
		{8569B076-5A8B-4D6A-B75D-EF75A390AA5F}.Release|Mixed Platforms.Build.0 = Release|Any CPU
		{8569B076-5A8B-4D6A-B75D-EF75A390AA5F}.Release|x86.ActiveCfg = Release|Any CPU
		{8569B076-5A8B-4D6A-B75D-EF75A390AA5F}.Release|x86.Build.0 = Release|Any CPU
		{31AE59FC-B6F6-4AC7-A7B9-1E07630AE42B}.Debug|Any CPU.ActiveCfg = Debug|Any CPU
		{31AE59FC-B6F6-4AC7-A7B9-1E07630AE42B}.Debug|Any CPU.Build.0 = Debug|Any CPU
		{31AE59FC-B6F6-4AC7-A7B9-1E07630AE42B}.Debug|ARM.ActiveCfg = Debug|Any CPU
		{31AE59FC-B6F6-4AC7-A7B9-1E07630AE42B}.Debug|ARM.Build.0 = Debug|Any CPU
		{31AE59FC-B6F6-4AC7-A7B9-1E07630AE42B}.Debug|Mixed Platforms.ActiveCfg = Debug|Any CPU
		{31AE59FC-B6F6-4AC7-A7B9-1E07630AE42B}.Debug|Mixed Platforms.Build.0 = Debug|Any CPU
		{31AE59FC-B6F6-4AC7-A7B9-1E07630AE42B}.Debug|x86.ActiveCfg = Debug|x86
		{31AE59FC-B6F6-4AC7-A7B9-1E07630AE42B}.Debug|x86.Build.0 = Debug|x86
		{31AE59FC-B6F6-4AC7-A7B9-1E07630AE42B}.Release|Any CPU.ActiveCfg = Release|Any CPU
		{31AE59FC-B6F6-4AC7-A7B9-1E07630AE42B}.Release|Any CPU.Build.0 = Release|Any CPU
		{31AE59FC-B6F6-4AC7-A7B9-1E07630AE42B}.Release|ARM.ActiveCfg = Release|Any CPU
		{31AE59FC-B6F6-4AC7-A7B9-1E07630AE42B}.Release|ARM.Build.0 = Release|Any CPU
		{31AE59FC-B6F6-4AC7-A7B9-1E07630AE42B}.Release|Mixed Platforms.ActiveCfg = Release|Any CPU
		{31AE59FC-B6F6-4AC7-A7B9-1E07630AE42B}.Release|Mixed Platforms.Build.0 = Release|Any CPU
		{31AE59FC-B6F6-4AC7-A7B9-1E07630AE42B}.Release|x86.ActiveCfg = Release|x86
		{31AE59FC-B6F6-4AC7-A7B9-1E07630AE42B}.Release|x86.Build.0 = Release|x86
		{46845FF9-EFA0-420E-ABFE-0D81E361BA07}.Debug|Any CPU.ActiveCfg = Debug|Any CPU
		{46845FF9-EFA0-420E-ABFE-0D81E361BA07}.Debug|Any CPU.Build.0 = Debug|Any CPU
		{46845FF9-EFA0-420E-ABFE-0D81E361BA07}.Debug|ARM.ActiveCfg = Debug|Any CPU
		{46845FF9-EFA0-420E-ABFE-0D81E361BA07}.Debug|ARM.Build.0 = Debug|Any CPU
		{46845FF9-EFA0-420E-ABFE-0D81E361BA07}.Debug|Mixed Platforms.ActiveCfg = Debug|Any CPU
		{46845FF9-EFA0-420E-ABFE-0D81E361BA07}.Debug|Mixed Platforms.Build.0 = Debug|Any CPU
		{46845FF9-EFA0-420E-ABFE-0D81E361BA07}.Debug|x86.ActiveCfg = Debug|Any CPU
		{46845FF9-EFA0-420E-ABFE-0D81E361BA07}.Debug|x86.Build.0 = Debug|Any CPU
		{46845FF9-EFA0-420E-ABFE-0D81E361BA07}.Release|Any CPU.ActiveCfg = Release|Any CPU
		{46845FF9-EFA0-420E-ABFE-0D81E361BA07}.Release|Any CPU.Build.0 = Release|Any CPU
		{46845FF9-EFA0-420E-ABFE-0D81E361BA07}.Release|ARM.ActiveCfg = Release|Any CPU
		{46845FF9-EFA0-420E-ABFE-0D81E361BA07}.Release|ARM.Build.0 = Release|Any CPU
		{46845FF9-EFA0-420E-ABFE-0D81E361BA07}.Release|Mixed Platforms.ActiveCfg = Release|Any CPU
		{46845FF9-EFA0-420E-ABFE-0D81E361BA07}.Release|Mixed Platforms.Build.0 = Release|Any CPU
		{46845FF9-EFA0-420E-ABFE-0D81E361BA07}.Release|x86.ActiveCfg = Release|Any CPU
		{46845FF9-EFA0-420E-ABFE-0D81E361BA07}.Release|x86.Build.0 = Release|Any CPU
	EndGlobalSection
	GlobalSection(SolutionProperties) = preSolution
		HideSolutionNode = FALSE
	EndGlobalSection
	GlobalSection(NestedProjects) = preSolution
		{C4A346A2-F4A2-49E6-81B8-B56C2632DF72} = {4CF8894A-26F4-444E-B3D6-038B853AE2F8}
		{4269C72A-8D3A-4737-8F89-72EAA33EA9E1} = {1E6AD0D7-62BB-4132-8094-6C44476EB6D6}
		{78F92D31-CA64-4CA8-9305-23B9484BB0E2} = {4CF8894A-26F4-444E-B3D6-038B853AE2F8}
		{6BE368EF-13AF-493C-9016-B457AE286472} = {1E6AD0D7-62BB-4132-8094-6C44476EB6D6}
		{24FC1A2A-0BC3-43A7-9BFE-B628C2C4A307} = {6BE368EF-13AF-493C-9016-B457AE286472}
		{FFFDEBBC-93F5-4A22-9EC5-D86A4A792DBB} = {6BE368EF-13AF-493C-9016-B457AE286472}
		{8569B076-5A8B-4D6A-B75D-EF75A390AA5F} = {6BE368EF-13AF-493C-9016-B457AE286472}
		{31AE59FC-B6F6-4AC7-A7B9-1E07630AE42B} = {6BE368EF-13AF-493C-9016-B457AE286472}
	EndGlobalSection
	GlobalSection(TestCaseManagementSettings) = postSolution
		CategoryFile = AustinHarris.JsonRpc.vsmdi
	EndGlobalSection
EndGlobal
