
Microsoft Visual Studio Solution File, Format Version 12.00
# Visual Studio 2013
VisualStudioVersion = 12.0.31101.0
MinimumVisualStudioVersion = 10.0.40219.1
Project("{FAE04EC0-301F-11D3-BF4B-00C04F79EFBC}") = "ZoneLighting", "ZoneLighting\ZoneLighting.csproj", "{FE00DB62-6C3C-4D04-9F03-23DA814298B6}"
EndProject
Project("{FAE04EC0-301F-11D3-BF4B-00C04F79EFBC}") = "Console", "Console\Console.csproj", "{BE535C9B-F450-4F66-ABB3-A157B8D30D42}"
EndProject
Project("{FAE04EC0-301F-11D3-BF4B-00C04F79EFBC}") = "ExternalPrograms", "ExternalPrograms\ExternalPrograms.csproj", "{477C3DF5-112F-4E18-988E-1AC255034B9A}"
EndProject
Project("{FAE04EC0-301F-11D3-BF4B-00C04F79EFBC}") = "WebController", "WebController\WebController.csproj", "{C62D095B-E608-405F-A10C-7B4A55A3C78F}"
EndProject
Project("{FAE04EC0-301F-11D3-BF4B-00C04F79EFBC}") = "ExternalZones", "ExternalZones\ExternalZones.csproj", "{E23813D3-7B7D-4D72-8B1D-899E52DFD60A}"
EndProject
Project("{FAE04EC0-301F-11D3-BF4B-00C04F79EFBC}") = "ZoneLightingTests", "Tests\ZoneLightingTests\ZoneLightingTests.csproj", "{C4A346A2-F4A2-49E6-81B8-B56C2632DF72}"
EndProject
Project("{2150E333-8FDC-42A3-9474-1A3956D46DE8}") = "Tests", "Tests", "{4CF8894A-26F4-444E-B3D6-038B853AE2F8}"
EndProject
Project("{2150E333-8FDC-42A3-9474-1A3956D46DE8}") = ".nuget", ".nuget", "{9F3FC046-7B87-4EDD-8794-C8A8E8B156E8}"
	ProjectSection(SolutionItems) = preProject
		.nuget\packages.config = .nuget\packages.config
	EndProjectSection
EndProject
Global
	GlobalSection(SolutionConfigurationPlatforms) = preSolution
		Debug|Any CPU = Debug|Any CPU
		Release|Any CPU = Release|Any CPU
	EndGlobalSection
	GlobalSection(ProjectConfigurationPlatforms) = postSolution
		{FE00DB62-6C3C-4D04-9F03-23DA814298B6}.Debug|Any CPU.ActiveCfg = Debug|Any CPU
		{FE00DB62-6C3C-4D04-9F03-23DA814298B6}.Debug|Any CPU.Build.0 = Debug|Any CPU
		{FE00DB62-6C3C-4D04-9F03-23DA814298B6}.Release|Any CPU.ActiveCfg = Release|Any CPU
		{FE00DB62-6C3C-4D04-9F03-23DA814298B6}.Release|Any CPU.Build.0 = Release|Any CPU
		{BE535C9B-F450-4F66-ABB3-A157B8D30D42}.Debug|Any CPU.ActiveCfg = Debug|Any CPU
		{BE535C9B-F450-4F66-ABB3-A157B8D30D42}.Debug|Any CPU.Build.0 = Debug|Any CPU
		{BE535C9B-F450-4F66-ABB3-A157B8D30D42}.Release|Any CPU.ActiveCfg = Release|Any CPU
		{BE535C9B-F450-4F66-ABB3-A157B8D30D42}.Release|Any CPU.Build.0 = Release|Any CPU
		{477C3DF5-112F-4E18-988E-1AC255034B9A}.Debug|Any CPU.ActiveCfg = Debug|Any CPU
		{477C3DF5-112F-4E18-988E-1AC255034B9A}.Debug|Any CPU.Build.0 = Debug|Any CPU
		{477C3DF5-112F-4E18-988E-1AC255034B9A}.Release|Any CPU.ActiveCfg = Release|Any CPU
		{477C3DF5-112F-4E18-988E-1AC255034B9A}.Release|Any CPU.Build.0 = Release|Any CPU
		{C62D095B-E608-405F-A10C-7B4A55A3C78F}.Debug|Any CPU.ActiveCfg = Debug|Any CPU
		{C62D095B-E608-405F-A10C-7B4A55A3C78F}.Debug|Any CPU.Build.0 = Debug|Any CPU
		{C62D095B-E608-405F-A10C-7B4A55A3C78F}.Release|Any CPU.ActiveCfg = Release|Any CPU
		{C62D095B-E608-405F-A10C-7B4A55A3C78F}.Release|Any CPU.Build.0 = Release|Any CPU
		{E23813D3-7B7D-4D72-8B1D-899E52DFD60A}.Debug|Any CPU.ActiveCfg = Debug|Any CPU
		{E23813D3-7B7D-4D72-8B1D-899E52DFD60A}.Debug|Any CPU.Build.0 = Debug|Any CPU
		{E23813D3-7B7D-4D72-8B1D-899E52DFD60A}.Release|Any CPU.ActiveCfg = Release|Any CPU
		{E23813D3-7B7D-4D72-8B1D-899E52DFD60A}.Release|Any CPU.Build.0 = Release|Any CPU
		{C4A346A2-F4A2-49E6-81B8-B56C2632DF72}.Debug|Any CPU.ActiveCfg = Debug|Any CPU
		{C4A346A2-F4A2-49E6-81B8-B56C2632DF72}.Debug|Any CPU.Build.0 = Debug|Any CPU
		{C4A346A2-F4A2-49E6-81B8-B56C2632DF72}.Release|Any CPU.ActiveCfg = Release|Any CPU
		{C4A346A2-F4A2-49E6-81B8-B56C2632DF72}.Release|Any CPU.Build.0 = Release|Any CPU
	EndGlobalSection
	GlobalSection(SolutionProperties) = preSolution
		HideSolutionNode = FALSE
	EndGlobalSection
	GlobalSection(NestedProjects) = preSolution
		{C4A346A2-F4A2-49E6-81B8-B56C2632DF72} = {4CF8894A-26F4-444E-B3D6-038B853AE2F8}
	EndGlobalSection
EndGlobal
