
Microsoft Visual Studio Solution File, Format Version 12.00
# Visual Studio 14
VisualStudioVersion = 14.0.22609.0
MinimumVisualStudioVersion = 10.0.40219.1
Project("{2150E333-8FDC-42A3-9474-1A3956D46DE8}") = "src", "src", "{A5E45614-E0FE-45BD-B1EB-EBC05B1E37F1}"
EndProject
Project("{2150E333-8FDC-42A3-9474-1A3956D46DE8}") = "Solution Items", "Solution Items", "{D85ADA0F-537F-4850-BB8A-B60F7152497E}"
	ProjectSection(SolutionItems) = preProject
		global.json = global.json
	EndProjectSection
EndProject
Project("{8BB2217D-0F2D-49D1-97BC-3654ED321F3B}") = "ZLClientTest", "src\ZLClientTest\ZLClientTest.kproj", "{231A6EA3-F967-479C-92A1-51CC7BB5C3BC}"
EndProject
Global
	GlobalSection(SolutionConfigurationPlatforms) = preSolution
		Debug|Any CPU = Debug|Any CPU
		Release|Any CPU = Release|Any CPU
	EndGlobalSection
	GlobalSection(ProjectConfigurationPlatforms) = postSolution
		{231A6EA3-F967-479C-92A1-51CC7BB5C3BC}.Debug|Any CPU.ActiveCfg = Debug|Any CPU
		{231A6EA3-F967-479C-92A1-51CC7BB5C3BC}.Debug|Any CPU.Build.0 = Debug|Any CPU
		{231A6EA3-F967-479C-92A1-51CC7BB5C3BC}.Release|Any CPU.ActiveCfg = Release|Any CPU
		{231A6EA3-F967-479C-92A1-51CC7BB5C3BC}.Release|Any CPU.Build.0 = Release|Any CPU
	EndGlobalSection
	GlobalSection(SolutionProperties) = preSolution
		HideSolutionNode = FALSE
	EndGlobalSection
	GlobalSection(NestedProjects) = preSolution
		{231A6EA3-F967-479C-92A1-51CC7BB5C3BC} = {A5E45614-E0FE-45BD-B1EB-EBC05B1E37F1}
	EndGlobalSection
EndGlobal
